
Microsoft Visual Studio Solution File, Format Version 12.00
# Visual Studio Version 17
VisualStudioVersion = 17.2.32630.192
MinimumVisualStudioVersion = 10.0.40219.1
Project("{FAE04EC0-301F-11D3-BF4B-00C04F79EFBC}") = "Dev.Web", "Dev.Web\Dev.Web.csproj", "{CE8A17B1-9148-4EA6-ACCB-A6E15D2D5294}"
EndProject
Global
	GlobalSection(SolutionConfigurationPlatforms) = preSolution
		Debug|Any CPU = Debug|Any CPU
		Release|Any CPU = Release|Any CPU
	EndGlobalSection
	GlobalSection(ProjectConfigurationPlatforms) = postSolution
		{CE8A17B1-9148-4EA6-ACCB-A6E15D2D5294}.Debug|Any CPU.ActiveCfg = Debug|Any CPU
		{CE8A17B1-9148-4EA6-ACCB-A6E15D2D5294}.Debug|Any CPU.Build.0 = Debug|Any CPU
		{CE8A17B1-9148-4EA6-ACCB-A6E15D2D5294}.Release|Any CPU.ActiveCfg = Release|Any CPU
		{CE8A17B1-9148-4EA6-ACCB-A6E15D2D5294}.Release|Any CPU.Build.0 = Release|Any CPU
	EndGlobalSection
	GlobalSection(SolutionProperties) = preSolution
		HideSolutionNode = FALSE
	EndGlobalSection
	GlobalSection(ExtensibilityGlobals) = postSolution
		SolutionGuid = {2459F90F-0AA0-43FF-B838-09C56E74D097}
	EndGlobalSection
EndGlobal
